// !$*UTF8*$!
{
	archiveVersion = 1;
	classes = {
	};
	objectVersion = 46;
	objects = {

/* Begin PBXBuildFile section */
		2955D5351E5765A800CF1607 /* AppDelegate.swift in Sources */ = {isa = PBXBuildFile; fileRef = 2955D5341E5765A800CF1607 /* AppDelegate.swift */; };
		2955D5371E5765A800CF1607 /* ViewController.swift in Sources */ = {isa = PBXBuildFile; fileRef = 2955D5361E5765A800CF1607 /* ViewController.swift */; };
		2955D53A1E5765A800CF1607 /* Main.storyboard in Resources */ = {isa = PBXBuildFile; fileRef = 2955D5381E5765A800CF1607 /* Main.storyboard */; };
		2955D53C1E5765A800CF1607 /* Assets.xcassets in Resources */ = {isa = PBXBuildFile; fileRef = 2955D53B1E5765A800CF1607 /* Assets.xcassets */; };
		2955D53F1E5765A800CF1607 /* LaunchScreen.storyboard in Resources */ = {isa = PBXBuildFile; fileRef = 2955D53D1E5765A800CF1607 /* LaunchScreen.storyboard */; };
		2955D54A1E5765A800CF1607 /* EVA_1ERA_PRACTICA_2Tests.swift in Sources */ = {isa = PBXBuildFile; fileRef = 2955D5491E5765A800CF1607 /* EVA_1ERA_PRACTICA_2Tests.swift */; };
		2955D5551E5765A800CF1607 /* EVA_1ERA_PRACTICA_2UITests.swift in Sources */ = {isa = PBXBuildFile; fileRef = 2955D5541E5765A800CF1607 /* EVA_1ERA_PRACTICA_2UITests.swift */; };
/* End PBXBuildFile section */

/* Begin PBXContainerItemProxy section */
		2955D5461E5765A800CF1607 /* PBXContainerItemProxy */ = {
			isa = PBXContainerItemProxy;
			containerPortal = 2955D5291E5765A800CF1607 /* Project object */;
			proxyType = 1;
			remoteGlobalIDString = 2955D5301E5765A800CF1607;
			remoteInfo = EVA_1ERA_PRACTICA_2;
		};
		2955D5511E5765A800CF1607 /* PBXContainerItemProxy */ = {
			isa = PBXContainerItemProxy;
			containerPortal = 2955D5291E5765A800CF1607 /* Project object */;
			proxyType = 1;
			remoteGlobalIDString = 2955D5301E5765A800CF1607;
			remoteInfo = EVA_1ERA_PRACTICA_2;
		};
/* End PBXContainerItemProxy section */

/* Begin PBXFileReference section */
		2955D5311E5765A800CF1607 /* EVA_1ERA_PRACTICA_2.app */ = {isa = PBXFileReference; explicitFileType = wrapper.application; includeInIndex = 0; path = EVA_1ERA_PRACTICA_2.app; sourceTree = BUILT_PRODUCTS_DIR; };
		2955D5341E5765A800CF1607 /* AppDelegate.swift */ = {isa = PBXFileReference; lastKnownFileType = sourcecode.swift; path = AppDelegate.swift; sourceTree = "<group>"; };
		2955D5361E5765A800CF1607 /* ViewController.swift */ = {isa = PBXFileReference; lastKnownFileType = sourcecode.swift; path = ViewController.swift; sourceTree = "<group>"; };
		2955D5391E5765A800CF1607 /* Base */ = {isa = PBXFileReference; lastKnownFileType = file.storyboard; name = Base; path = Base.lproj/Main.storyboard; sourceTree = "<group>"; };
		2955D53B1E5765A800CF1607 /* Assets.xcassets */ = {isa = PBXFileReference; lastKnownFileType = folder.assetcatalog; path = Assets.xcassets; sourceTree = "<group>"; };
		2955D53E1E5765A800CF1607 /* Base */ = {isa = PBXFileReference; lastKnownFileType = file.storyboard; name = Base; path = Base.lproj/LaunchScreen.storyboard; sourceTree = "<group>"; };
		2955D5401E5765A800CF1607 /* Info.plist */ = {isa = PBXFileReference; lastKnownFileType = text.plist.xml; path = Info.plist; sourceTree = "<group>"; };
		2955D5451E5765A800CF1607 /* EVA_1ERA_PRACTICA_2Tests.xctest */ = {isa = PBXFileReference; explicitFileType = wrapper.cfbundle; includeInIndex = 0; path = EVA_1ERA_PRACTICA_2Tests.xctest; sourceTree = BUILT_PRODUCTS_DIR; };
		2955D5491E5765A800CF1607 /* EVA_1ERA_PRACTICA_2Tests.swift */ = {isa = PBXFileReference; lastKnownFileType = sourcecode.swift; path = EVA_1ERA_PRACTICA_2Tests.swift; sourceTree = "<group>"; };
		2955D54B1E5765A800CF1607 /* Info.plist */ = {isa = PBXFileReference; lastKnownFileType = text.plist.xml; path = Info.plist; sourceTree = "<group>"; };
		2955D5501E5765A800CF1607 /* EVA_1ERA_PRACTICA_2UITests.xctest */ = {isa = PBXFileReference; explicitFileType = wrapper.cfbundle; includeInIndex = 0; path = EVA_1ERA_PRACTICA_2UITests.xctest; sourceTree = BUILT_PRODUCTS_DIR; };
		2955D5541E5765A800CF1607 /* EVA_1ERA_PRACTICA_2UITests.swift */ = {isa = PBXFileReference; lastKnownFileType = sourcecode.swift; path = EVA_1ERA_PRACTICA_2UITests.swift; sourceTree = "<group>"; };
		2955D5561E5765A800CF1607 /* Info.plist */ = {isa = PBXFileReference; lastKnownFileType = text.plist.xml; path = Info.plist; sourceTree = "<group>"; };
/* End PBXFileReference section */

/* Begin PBXFrameworksBuildPhase section */
		2955D52E1E5765A800CF1607 /* Frameworks */ = {
			isa = PBXFrameworksBuildPhase;
			buildActionMask = 2147483647;
			files = (
			);
			runOnlyForDeploymentPostprocessing = 0;
		};
		2955D5421E5765A800CF1607 /* Frameworks */ = {
			isa = PBXFrameworksBuildPhase;
			buildActionMask = 2147483647;
			files = (
			);
			runOnlyForDeploymentPostprocessing = 0;
		};
		2955D54D1E5765A800CF1607 /* Frameworks */ = {
			isa = PBXFrameworksBuildPhase;
			buildActionMask = 2147483647;
			files = (
			);
			runOnlyForDeploymentPostprocessing = 0;
		};
/* End PBXFrameworksBuildPhase section */

/* Begin PBXGroup section */
		2955D5281E5765A800CF1607 = {
			isa = PBXGroup;
			children = (
				2955D5331E5765A800CF1607 /* EVA_1ERA_PRACTICA_2 */,
				2955D5481E5765A800CF1607 /* EVA_1ERA_PRACTICA_2Tests */,
				2955D5531E5765A800CF1607 /* EVA_1ERA_PRACTICA_2UITests */,
				2955D5321E5765A800CF1607 /* Products */,
			);
			sourceTree = "<group>";
		};
		2955D5321E5765A800CF1607 /* Products */ = {
			isa = PBXGroup;
			children = (
				2955D5311E5765A800CF1607 /* EVA_1ERA_PRACTICA_2.app */,
				2955D5451E5765A800CF1607 /* EVA_1ERA_PRACTICA_2Tests.xctest */,
				2955D5501E5765A800CF1607 /* EVA_1ERA_PRACTICA_2UITests.xctest */,
			);
			name = Products;
			sourceTree = "<group>";
		};
		2955D5331E5765A800CF1607 /* EVA_1ERA_PRACTICA_2 */ = {
			isa = PBXGroup;
			children = (
				2955D5341E5765A800CF1607 /* AppDelegate.swift */,
				2955D5361E5765A800CF1607 /* ViewController.swift */,
				2955D5381E5765A800CF1607 /* Main.storyboard */,
				2955D53B1E5765A800CF1607 /* Assets.xcassets */,
				2955D53D1E5765A800CF1607 /* LaunchScreen.storyboard */,
				2955D5401E5765A800CF1607 /* Info.plist */,
			);
			path = EVA_1ERA_PRACTICA_2;
			sourceTree = "<group>";
		};
		2955D5481E5765A800CF1607 /* EVA_1ERA_PRACTICA_2Tests */ = {
			isa = PBXGroup;
			children = (
				2955D5491E5765A800CF1607 /* EVA_1ERA_PRACTICA_2Tests.swift */,
				2955D54B1E5765A800CF1607 /* Info.plist */,
			);
			path = EVA_1ERA_PRACTICA_2Tests;
			sourceTree = "<group>";
		};
		2955D5531E5765A800CF1607 /* EVA_1ERA_PRACTICA_2UITests */ = {
			isa = PBXGroup;
			children = (
				2955D5541E5765A800CF1607 /* EVA_1ERA_PRACTICA_2UITests.swift */,
				2955D5561E5765A800CF1607 /* Info.plist */,
			);
			path = EVA_1ERA_PRACTICA_2UITests;
			sourceTree = "<group>";
		};
/* End PBXGroup section */

/* Begin PBXNativeTarget section */
		2955D5301E5765A800CF1607 /* EVA_1ERA_PRACTICA_2 */ = {
			isa = PBXNativeTarget;
			buildConfigurationList = 2955D5591E5765A800CF1607 /* Build configuration list for PBXNativeTarget "EVA_1ERA_PRACTICA_2" */;
			buildPhases = (
				2955D52D1E5765A800CF1607 /* Sources */,
				2955D52E1E5765A800CF1607 /* Frameworks */,
				2955D52F1E5765A800CF1607 /* Resources */,
			);
			buildRules = (
			);
			dependencies = (
			);
			name = EVA_1ERA_PRACTICA_2;
			productName = EVA_1ERA_PRACTICA_2;
			productReference = 2955D5311E5765A800CF1607 /* EVA_1ERA_PRACTICA_2.app */;
			productType = "com.apple.product-type.application";
		};
		2955D5441E5765A800CF1607 /* EVA_1ERA_PRACTICA_2Tests */ = {
			isa = PBXNativeTarget;
			buildConfigurationList = 2955D55C1E5765A800CF1607 /* Build configuration list for PBXNativeTarget "EVA_1ERA_PRACTICA_2Tests" */;
			buildPhases = (
				2955D5411E5765A800CF1607 /* Sources */,
				2955D5421E5765A800CF1607 /* Frameworks */,
				2955D5431E5765A800CF1607 /* Resources */,
			);
			buildRules = (
			);
			dependencies = (
				2955D5471E5765A800CF1607 /* PBXTargetDependency */,
			);
			name = EVA_1ERA_PRACTICA_2Tests;
			productName = EVA_1ERA_PRACTICA_2Tests;
			productReference = 2955D5451E5765A800CF1607 /* EVA_1ERA_PRACTICA_2Tests.xctest */;
			productType = "com.apple.product-type.bundle.unit-test";
		};
		2955D54F1E5765A800CF1607 /* EVA_1ERA_PRACTICA_2UITests */ = {
			isa = PBXNativeTarget;
			buildConfigurationList = 2955D55F1E5765A800CF1607 /* Build configuration list for PBXNativeTarget "EVA_1ERA_PRACTICA_2UITests" */;
			buildPhases = (
				2955D54C1E5765A800CF1607 /* Sources */,
				2955D54D1E5765A800CF1607 /* Frameworks */,
				2955D54E1E5765A800CF1607 /* Resources */,
			);
			buildRules = (
			);
			dependencies = (
				2955D5521E5765A800CF1607 /* PBXTargetDependency */,
			);
			name = EVA_1ERA_PRACTICA_2UITests;
			productName = EVA_1ERA_PRACTICA_2UITests;
			productReference = 2955D5501E5765A800CF1607 /* EVA_1ERA_PRACTICA_2UITests.xctest */;
			productType = "com.apple.product-type.bundle.ui-testing";
		};
/* End PBXNativeTarget section */

/* Begin PBXProject section */
		2955D5291E5765A800CF1607 /* Project object */ = {
			isa = PBXProject;
			attributes = {
				LastSwiftUpdateCheck = 0730;
				LastUpgradeCheck = 0730;
				ORGANIZATIONNAME = "JOSE CARLOS";
				TargetAttributes = {
					2955D5301E5765A800CF1607 = {
						CreatedOnToolsVersion = 7.3.1;
					};
					2955D5441E5765A800CF1607 = {
						CreatedOnToolsVersion = 7.3.1;
						TestTargetID = 2955D5301E5765A800CF1607;
					};
					2955D54F1E5765A800CF1607 = {
						CreatedOnToolsVersion = 7.3.1;
						TestTargetID = 2955D5301E5765A800CF1607;
					};
				};
			};
			buildConfigurationList = 2955D52C1E5765A800CF1607 /* Build configuration list for PBXProject "EVA_1ERA_PRACTICA_2" */;
			compatibilityVersion = "Xcode 3.2";
			developmentRegion = English;
			hasScannedForEncodings = 0;
			knownRegions = (
				en,
				Base,
			);
			mainGroup = 2955D5281E5765A800CF1607;
			productRefGroup = 2955D5321E5765A800CF1607 /* Products */;
			projectDirPath = "";
			projectRoot = "";
			targets = (
				2955D5301E5765A800CF1607 /* EVA_1ERA_PRACTICA_2 */,
				2955D5441E5765A800CF1607 /* EVA_1ERA_PRACTICA_2Tests */,
				2955D54F1E5765A800CF1607 /* EVA_1ERA_PRACTICA_2UITests */,
			);
		};
/* End PBXProject section */

/* Begin PBXResourcesBuildPhase section */
		2955D52F1E5765A800CF1607 /* Resources */ = {
			isa = PBXResourcesBuildPhase;
			buildActionMask = 2147483647;
			files = (
				2955D53F1E5765A800CF1607 /* LaunchScreen.storyboard in Resources */,
				2955D53C1E5765A800CF1607 /* Assets.xcassets in Resources */,
				2955D53A1E5765A800CF1607 /* Main.storyboard in Resources */,
			);
			runOnlyForDeploymentPostprocessing = 0;
		};
		2955D5431E5765A800CF1607 /* Resources */ = {
			isa = PBXResourcesBuildPhase;
			buildActionMask = 2147483647;
			files = (
			);
			runOnlyForDeploymentPostprocessing = 0;
		};
		2955D54E1E5765A800CF1607 /* Resources */ = {
			isa = PBXResourcesBuildPhase;
			buildActionMask = 2147483647;
			files = (
			);
			runOnlyForDeploymentPostprocessing = 0;
		};
/* End PBXResourcesBuildPhase section */

/* Begin PBXSourcesBuildPhase section */
		2955D52D1E5765A800CF1607 /* Sources */ = {
			isa = PBXSourcesBuildPhase;
			buildActionMask = 2147483647;
			files = (
				2955D5371E5765A800CF1607 /* ViewController.swift in Sources */,
				2955D5351E5765A800CF1607 /* AppDelegate.swift in Sources */,
			);
			runOnlyForDeploymentPostprocessing = 0;
		};
		2955D5411E5765A800CF1607 /* Sources */ = {
			isa = PBXSourcesBuildPhase;
			buildActionMask = 2147483647;
			files = (
				2955D54A1E5765A800CF1607 /* EVA_1ERA_PRACTICA_2Tests.swift in Sources */,
			);
			runOnlyForDeploymentPostprocessing = 0;
		};
		2955D54C1E5765A800CF1607 /* Sources */ = {
			isa = PBXSourcesBuildPhase;
			buildActionMask = 2147483647;
			files = (
				2955D5551E5765A800CF1607 /* EVA_1ERA_PRACTICA_2UITests.swift in Sources */,
			);
			runOnlyForDeploymentPostprocessing = 0;
		};
/* End PBXSourcesBuildPhase section */

/* Begin PBXTargetDependency section */
		2955D5471E5765A800CF1607 /* PBXTargetDependency */ = {
			isa = PBXTargetDependency;
			target = 2955D5301E5765A800CF1607 /* EVA_1ERA_PRACTICA_2 */;
			targetProxy = 2955D5461E5765A800CF1607 /* PBXContainerItemProxy */;
		};
		2955D5521E5765A800CF1607 /* PBXTargetDependency */ = {
			isa = PBXTargetDependency;
			target = 2955D5301E5765A800CF1607 /* EVA_1ERA_PRACTICA_2 */;
			targetProxy = 2955D5511E5765A800CF1607 /* PBXContainerItemProxy */;
		};
/* End PBXTargetDependency section */

/* Begin PBXVariantGroup section */
		2955D5381E5765A800CF1607 /* Main.storyboard */ = {
			isa = PBXVariantGroup;
			children = (
				2955D5391E5765A800CF1607 /* Base */,
			);
			name = Main.storyboard;
			sourceTree = "<group>";
		};
		2955D53D1E5765A800CF1607 /* LaunchScreen.storyboard */ = {
			isa = PBXVariantGroup;
			children = (
				2955D53E1E5765A800CF1607 /* Base */,
			);
			name = LaunchScreen.storyboard;
			sourceTree = "<group>";
		};
/* End PBXVariantGroup section */

/* Begin XCBuildConfiguration section */
		2955D5571E5765A800CF1607 /* Debug */ = {
			isa = XCBuildConfiguration;
			buildSettings = {
				ALWAYS_SEARCH_USER_PATHS = NO;
				CLANG_ANALYZER_NONNULL = YES;
				CLANG_CXX_LANGUAGE_STANDARD = "gnu++0x";
				CLANG_CXX_LIBRARY = "libc++";
				CLANG_ENABLE_MODULES = YES;
				CLANG_ENABLE_OBJC_ARC = YES;
				CLANG_WARN_BOOL_CONVERSION = YES;
				CLANG_WARN_CONSTANT_CONVERSION = YES;
				CLANG_WARN_DIRECT_OBJC_ISA_USAGE = YES_ERROR;
				CLANG_WARN_EMPTY_BODY = YES;
				CLANG_WARN_ENUM_CONVERSION = YES;
				CLANG_WARN_INT_CONVERSION = YES;
				CLANG_WARN_OBJC_ROOT_CLASS = YES_ERROR;
				CLANG_WARN_UNREACHABLE_CODE = YES;
				CLANG_WARN__DUPLICATE_METHOD_MATCH = YES;
				"CODE_SIGN_IDENTITY[sdk=iphoneos*]" = "iPhone Developer";
				COPY_PHASE_STRIP = NO;
				DEBUG_INFORMATION_FORMAT = dwarf;
				ENABLE_STRICT_OBJC_MSGSEND = YES;
				ENABLE_TESTABILITY = YES;
				GCC_C_LANGUAGE_STANDARD = gnu99;
				GCC_DYNAMIC_NO_PIC = NO;
				GCC_NO_COMMON_BLOCKS = YES;
				GCC_OPTIMIZATION_LEVEL = 0;
				GCC_PREPROCESSOR_DEFINITIONS = (
					"DEBUG=1",
					"$(inherited)",
				);
				GCC_WARN_64_TO_32_BIT_CONVERSION = YES;
				GCC_WARN_ABOUT_RETURN_TYPE = YES_ERROR;
				GCC_WARN_UNDECLARED_SELECTOR = YES;
				GCC_WARN_UNINITIALIZED_AUTOS = YES_AGGRESSIVE;
				GCC_WARN_UNUSED_FUNCTION = YES;
				GCC_WARN_UNUSED_VARIABLE = YES;
				IPHONEOS_DEPLOYMENT_TARGET = 9.3;
				MTL_ENABLE_DEBUG_INFO = YES;
				ONLY_ACTIVE_ARCH = YES;
				SDKROOT = iphoneos;
				SWIFT_OPTIMIZATION_LEVEL = "-Onone";
				TARGETED_DEVICE_FAMILY = "1,2";
			};
			name = Debug;
		};
		2955D5581E5765A800CF1607 /* Release */ = {
			isa = XCBuildConfiguration;
			buildSettings = {
				ALWAYS_SEARCH_USER_PATHS = NO;
				CLANG_ANALYZER_NONNULL = YES;
				CLANG_CXX_LANGUAGE_STANDARD = "gnu++0x";
				CLANG_CXX_LIBRARY = "libc++";
				CLANG_ENABLE_MODULES = YES;
				CLANG_ENABLE_OBJC_ARC = YES;
				CLANG_WARN_BOOL_CONVERSION = YES;
				CLANG_WARN_CONSTANT_CONVERSION = YES;
				CLANG_WARN_DIRECT_OBJC_ISA_USAGE = YES_ERROR;
				CLANG_WARN_EMPTY_BODY = YES;
				CLANG_WARN_ENUM_CONVERSION = YES;
				CLANG_WARN_INT_CONVERSION = YES;
				CLANG_WARN_OBJC_ROOT_CLASS = YES_ERROR;
				CLANG_WARN_UNREACHABLE_CODE = YES;
				CLANG_WARN__DUPLICATE_METHOD_MATCH = YES;
				"CODE_SIGN_IDENTITY[sdk=iphoneos*]" = "iPhone Developer";
				COPY_PHASE_STRIP = NO;
				DEBUG_INFORMATION_FORMAT = "dwarf-with-dsym";
				ENABLE_NS_ASSERTIONS = NO;
				ENABLE_STRICT_OBJC_MSGSEND = YES;
				GCC_C_LANGUAGE_STANDARD = gnu99;
				GCC_NO_COMMON_BLOCKS = YES;
				GCC_WARN_64_TO_32_BIT_CONVERSION = YES;
				GCC_WARN_ABOUT_RETURN_TYPE = YES_ERROR;
				GCC_WARN_UNDECLARED_SELECTOR = YES;
				GCC_WARN_UNINITIALIZED_AUTOS = YES_AGGRESSIVE;
				GCC_WARN_UNUSED_FUNCTION = YES;
				GCC_WARN_UNUSED_VARIABLE = YES;
				IPHONEOS_DEPLOYMENT_TARGET = 9.3;
				MTL_ENABLE_DEBUG_INFO = NO;
				SDKROOT = iphoneos;
				TARGETED_DEVICE_FAMILY = "1,2";
				VALIDATE_PRODUCT = YES;
			};
			name = Release;
		};
		2955D55A1E5765A800CF1607 /* Debug */ = {
			isa = XCBuildConfiguration;
			buildSettings = {
				ASSETCATALOG_COMPILER_APPICON_NAME = AppIcon;
				INFOPLIST_FILE = EVA_1ERA_PRACTICA_2/Info.plist;
				LD_RUNPATH_SEARCH_PATHS = "$(inherited) @executable_path/Frameworks";
				PRODUCT_BUNDLE_IDENTIFIER = "com.jose.EVA-1ERA-PRACTICA-2";
				PRODUCT_NAME = "$(TARGET_NAME)";
			};
			name = Debug;
		};
		2955D55B1E5765A800CF1607 /* Release */ = {
			isa = XCBuildConfiguration;
			buildSettings = {
				ASSETCATALOG_COMPILER_APPICON_NAME = AppIcon;
				INFOPLIST_FILE = EVA_1ERA_PRACTICA_2/Info.plist;
				LD_RUNPATH_SEARCH_PATHS = "$(inherited) @executable_path/Frameworks";
				PRODUCT_BUNDLE_IDENTIFIER = "com.jose.EVA-1ERA-PRACTICA-2";
				PRODUCT_NAME = "$(TARGET_NAME)";
			};
			name = Release;
		};
		2955D55D1E5765A800CF1607 /* Debug */ = {
			isa = XCBuildConfiguration;
			buildSettings = {
				BUNDLE_LOADER = "$(TEST_HOST)";
				INFOPLIST_FILE = EVA_1ERA_PRACTICA_2Tests/Info.plist;
				LD_RUNPATH_SEARCH_PATHS = "$(inherited) @executable_path/Frameworks @loader_path/Frameworks";
				PRODUCT_BUNDLE_IDENTIFIER = "com.jose.EVA-1ERA-PRACTICA-2Tests";
				PRODUCT_NAME = "$(TARGET_NAME)";
				TEST_HOST = "$(BUILT_PRODUCTS_DIR)/EVA_1ERA_PRACTICA_2.app/EVA_1ERA_PRACTICA_2";
			};
			name = Debug;
		};
		2955D55E1E5765A800CF1607 /* Release */ = {
			isa = XCBuildConfiguration;
			buildSettings = {
				BUNDLE_LOADER = "$(TEST_HOST)";
				INFOPLIST_FILE = EVA_1ERA_PRACTICA_2Tests/Info.plist;
				LD_RUNPATH_SEARCH_PATHS = "$(inherited) @executable_path/Frameworks @loader_path/Frameworks";
				PRODUCT_BUNDLE_IDENTIFIER = "com.jose.EVA-1ERA-PRACTICA-2Tests";
				PRODUCT_NAME = "$(TARGET_NAME)";
				TEST_HOST = "$(BUILT_PRODUCTS_DIR)/EVA_1ERA_PRACTICA_2.app/EVA_1ERA_PRACTICA_2";
			};
			name = Release;
		};
		2955D5601E5765A800CF1607 /* Debug */ = {
			isa = XCBuildConfiguration;
			buildSettings = {
				INFOPLIST_FILE = EVA_1ERA_PRACTICA_2UITests/Info.plist;
				LD_RUNPATH_SEARCH_PATHS = "$(inherited) @executable_path/Frameworks @loader_path/Frameworks";
				PRODUCT_BUNDLE_IDENTIFIER = "com.jose.EVA-1ERA-PRACTICA-2UITests";
				PRODUCT_NAME = "$(TARGET_NAME)";
				TEST_TARGET_NAME = EVA_1ERA_PRACTICA_2;
			};
			name = Debug;
		};
		2955D5611E5765A800CF1607 /* Release */ = {
			isa = XCBuildConfiguration;
			buildSettings = {
				INFOPLIST_FILE = EVA_1ERA_PRACTICA_2UITests/Info.plist;
				LD_RUNPATH_SEARCH_PATHS = "$(inherited) @executable_path/Frameworks @loader_path/Frameworks";
				PRODUCT_BUNDLE_IDENTIFIER = "com.jose.EVA-1ERA-PRACTICA-2UITests";
				PRODUCT_NAME = "$(TARGET_NAME)";
				TEST_TARGET_NAME = EVA_1ERA_PRACTICA_2;
			};
			name = Release;
		};
/* End XCBuildConfiguration section */

/* Begin XCConfigurationList section */
		2955D52C1E5765A800CF1607 /* Build configuration list for PBXProject "EVA_1ERA_PRACTICA_2" */ = {
			isa = XCConfigurationList;
			buildConfigurations = (
				2955D5571E5765A800CF1607 /* Debug */,
				2955D5581E5765A800CF1607 /* Release */,
			);
			defaultConfigurationIsVisible = 0;
			defaultConfigurationName = Release;
		};
		2955D5591E5765A800CF1607 /* Build configuration list for PBXNativeTarget "EVA_1ERA_PRACTICA_2" */ = {
			isa = XCConfigurationList;
			buildConfigurations = (
				2955D55A1E5765A800CF1607 /* Debug */,
				2955D55B1E5765A800CF1607 /* Release */,
			);
			defaultConfigurationIsVisible = 0;
		};
		2955D55C1E5765A800CF1607 /* Build configuration list for PBXNativeTarget "EVA_1ERA_PRACTICA_2Tests" */ = {
			isa = XCConfigurationList;
			buildConfigurations = (
				2955D55D1E5765A800CF1607 /* Debug */,
				2955D55E1E5765A800CF1607 /* Release */,
			);
			defaultConfigurationIsVisible = 0;
		};
		2955D55F1E5765A800CF1607 /* Build configuration list for PBXNativeTarget "EVA_1ERA_PRACTICA_2UITests" */ = {
			isa = XCConfigurationList;
			buildConfigurations = (
				2955D5601E5765A800CF1607 /* Debug */,
				2955D5611E5765A800CF1607 /* Release */,
			);
			defaultConfigurationIsVisible = 0;
		};
/* End XCConfigurationList section */
	};
	rootObject = 2955D5291E5765A800CF1607 /* Project object */;
}
